
Microsoft Visual Studio Solution File, Format Version 12.00
# Visual Studio 15
VisualStudioVersion = 15.0.28010.2046
MinimumVisualStudioVersion = 10.0.40219.1
Project("{8BC9CEB8-8B4A-11D0-8D11-00A0C91BC942}") = "bruter", "bruter\bruter.vcxproj", "{DBA0DFC2-7D83-4356-B405-0507C21EA9CC}"
EndProject
Global
	GlobalSection(SolutionConfigurationPlatforms) = preSolution
		Debug|x64 = Debug|x64
		Debug|x86 = Debug|x86
		Release|x64 = Release|x64
		Release|x86 = Release|x86
	EndGlobalSection
	GlobalSection(ProjectConfigurationPlatforms) = postSolution
		{DBA0DFC2-7D83-4356-B405-0507C21EA9CC}.Debug|x64.ActiveCfg = Debug|x64
		{DBA0DFC2-7D83-4356-B405-0507C21EA9CC}.Debug|x64.Build.0 = Debug|x64
		{DBA0DFC2-7D83-4356-B405-0507C21EA9CC}.Debug|x86.ActiveCfg = Debug|Win32
		{DBA0DFC2-7D83-4356-B405-0507C21EA9CC}.Debug|x86.Build.0 = Debug|Win32
		{DBA0DFC2-7D83-4356-B405-0507C21EA9CC}.Release|x64.ActiveCfg = Release|x64
		{DBA0DFC2-7D83-4356-B405-0507C21EA9CC}.Release|x64.Build.0 = Release|x64
		{DBA0DFC2-7D83-4356-B405-0507C21EA9CC}.Release|x86.ActiveCfg = Release|Win32
		{DBA0DFC2-7D83-4356-B405-0507C21EA9CC}.Release|x86.Build.0 = Release|Win32
	EndGlobalSection
	GlobalSection(SolutionProperties) = preSolution
		HideSolutionNode = FALSE
	EndGlobalSection
	GlobalSection(ExtensibilityGlobals) = postSolution
		SolutionGuid = {2062DBD7-912F-4682-B458-C7C8F82E7B00}
	EndGlobalSection
EndGlobal
